
Microsoft Visual Studio Solution File, Format Version 12.00
# Visual Studio Version 16
VisualStudioVersion = 16.0.30114.105
MinimumVisualStudioVersion = 10.0.40219.1
Project("{8BC9CEB8-8B4A-11D0-8D11-00A0C91BC942}") = "fake-matroska-duration", "fake-matroska-duration.vcxproj", "{0D778BB9-38DF-4D51-8A05-283AA7329921}"
EndProject
Project("{2150E333-8FDC-42A3-9474-1A3956D46DE8}") = "Solution Items", "Solution Items", "{82D8F94E-3FA9-4498-878B-6E66333B98D9}"
	ProjectSection(SolutionItems) = preProject
		.clang-format = .clang-format
	EndProjectSection
EndProject
Global
	GlobalSection(SolutionConfigurationPlatforms) = preSolution
		Debug|x64 = Debug|x64
		Debug|x86 = Debug|x86
		Release|x64 = Release|x64
		Release|x86 = Release|x86
	EndGlobalSection
	GlobalSection(ProjectConfigurationPlatforms) = postSolution
		{0D778BB9-38DF-4D51-8A05-283AA7329921}.Debug|x64.ActiveCfg = Debug|x64
		{0D778BB9-38DF-4D51-8A05-283AA7329921}.Debug|x64.Build.0 = Debug|x64
		{0D778BB9-38DF-4D51-8A05-283AA7329921}.Debug|x86.ActiveCfg = Debug|Win32
		{0D778BB9-38DF-4D51-8A05-283AA7329921}.Debug|x86.Build.0 = Debug|Win32
		{0D778BB9-38DF-4D51-8A05-283AA7329921}.Release|x64.ActiveCfg = Release|x64
		{0D778BB9-38DF-4D51-8A05-283AA7329921}.Release|x64.Build.0 = Release|x64
		{0D778BB9-38DF-4D51-8A05-283AA7329921}.Release|x86.ActiveCfg = Release|Win32
		{0D778BB9-38DF-4D51-8A05-283AA7329921}.Release|x86.Build.0 = Release|Win32
	EndGlobalSection
	GlobalSection(SolutionProperties) = preSolution
		HideSolutionNode = FALSE
	EndGlobalSection
	GlobalSection(ExtensibilityGlobals) = postSolution
		SolutionGuid = {BDD63B63-3729-4876-B980-A056B709073E}
	EndGlobalSection
EndGlobal
